{
  "version": 4,
  "terraform_version": "1.0.7",
  "serial": 8,
  "lineage": "e1becf45-2569-9e46-d45d-4ae127641603",
  "outputs": {},
  "resources": [
    {
      "mode": "managed",
      "type": "aws_flow_log",
      "name": "vpc_flowlogs",
      "provider": "provider[\"registry.terraform.io/hashicorp/aws\"]",
      "instances": [
        {
          "schema_version": 0,
          "attributes": {
            "arn": "arn:aws:ec2:us-east-1:258561958105:vpc-flow-log/fl-0be4b20c605288eb1",
            "eni_id": null,
            "iam_role_arn": "",
            "id": "fl-0be4b20c605288eb1",
            "log_destination": "arn:aws:s3:::kunamvenkat1.xyz",
            "log_destination_type": "s3",
            "log_format": "${version} ${account-id} ${interface-id} ${srcaddr} ${dstaddr} ${srcport} ${dstport} ${protocol} ${packets} ${bytes} ${start} ${end} ${action} ${log-status}",
            "log_group_name": "",
            "max_aggregation_interval": 600,
            "subnet_id": null,
            "tags": null,
            "tags_all": {},
            "traffic_type": "ALL",
            "vpc_id": "vpc-0db763e7c110c0074"
          },
          "sensitive_attributes": [],
          "private": "bnVsbA==",
          "dependencies": [
            "aws_s3_bucket.statebucket-checking",
            "aws_vpc.myvpc"
          ]
        }
      ]
    },
    {
      "mode": "managed",
      "type": "aws_internet_gateway",
      "name": "first_IGW",
      "provider": "provider[\"registry.terraform.io/hashicorp/aws\"]",
      "instances": [
        {
          "schema_version": 0,
          "attributes": {
            "arn": "arn:aws:ec2:us-east-1:258561958105:internet-gateway/igw-07eb0fe38fc87e3fb",
            "id": "igw-07eb0fe38fc87e3fb",
            "owner_id": "258561958105",
            "tags": {
              "Name": "prod-IGW"
            },
            "tags_all": {
              "Name": "prod-IGW"
            },
            "vpc_id": "vpc-0db763e7c110c0074"
          },
          "sensitive_attributes": [],
          "private": "bnVsbA==",
          "dependencies": [
            "aws_vpc.myvpc"
          ]
        }
      ]
    },
    {
      "mode": "managed",
      "type": "aws_s3_bucket",
      "name": "statebucket-checking",
      "provider": "provider[\"registry.terraform.io/hashicorp/aws\"]",
      "instances": [
        {
          "schema_version": 0,
          "attributes": {
            "acceleration_status": "",
            "acl": "private",
            "arn": "arn:aws:s3:::kunamvenkat1.xyz",
            "bucket": "kunamvenkat1.xyz",
            "bucket_domain_name": "kunamvenkat1.xyz.s3.amazonaws.com",
            "bucket_prefix": null,
            "bucket_regional_domain_name": "kunamvenkat1.xyz.s3.amazonaws.com",
            "cors_rule": [],
            "force_destroy": false,
            "grant": [],
            "hosted_zone_id": "Z3AQBSTGFYJSTF",
            "id": "kunamvenkat1.xyz",
            "lifecycle_rule": [],
            "logging": [],
            "object_lock_configuration": [],
            "policy": null,
            "region": "us-east-1",
            "replication_configuration": [],
            "request_payer": "BucketOwner",
            "server_side_encryption_configuration": [],
            "tags": {
              "Environment": "Dev",
              "Name": "Terraform State Bucket"
            },
            "tags_all": {
              "Environment": "Dev",
              "Name": "Terraform State Bucket"
            },
            "versioning": [
              {
                "enabled": false,
                "mfa_delete": false
              }
            ],
            "website": [],
            "website_domain": null,
            "website_endpoint": null
          },
          "sensitive_attributes": [],
          "private": "bnVsbA==",
          "dependencies": [
            "aws_vpc.myvpc"
          ]
        }
      ]
    },
    {
      "mode": "managed",
      "type": "aws_subnet",
      "name": "subnet1-public",
      "provider": "provider[\"registry.terraform.io/hashicorp/aws\"]",
      "instances": [
        {
          "schema_version": 1,
          "attributes": {
            "arn": "arn:aws:ec2:us-east-1:258561958105:subnet/subnet-07c2911826aad5774",
            "assign_ipv6_address_on_creation": false,
            "availability_zone": "us-east-1a",
            "availability_zone_id": "use1-az1",
            "cidr_block": "10.70.1.0/24",
            "customer_owned_ipv4_pool": "",
            "id": "subnet-07c2911826aad5774",
            "ipv6_cidr_block": "",
            "ipv6_cidr_block_association_id": "",
            "map_customer_owned_ip_on_launch": false,
            "map_public_ip_on_launch": false,
            "outpost_arn": "",
            "owner_id": "258561958105",
            "tags": {
              "Name": "Prod-Subnet-1"
            },
            "tags_all": {
              "Name": "Prod-Subnet-1"
            },
            "timeouts": null,
            "vpc_id": "vpc-0db763e7c110c0074"
          },
          "sensitive_attributes": [],
          "private": "eyJlMmJmYjczMC1lY2FhLTExZTYtOGY4OC0zNDM2M2JjN2M0YzAiOnsiY3JlYXRlIjo2MDAwMDAwMDAwMDAsImRlbGV0ZSI6MTIwMDAwMDAwMDAwMH0sInNjaGVtYV92ZXJzaW9uIjoiMSJ9",
          "dependencies": [
            "aws_flow_log.vpc_flowlogs",
            "aws_internet_gateway.first_IGW",
            "aws_s3_bucket.statebucket-checking",
            "aws_vpc.myvpc"
          ]
        }
      ]
    },
    {
      "mode": "managed",
      "type": "aws_subnet",
      "name": "subnet2-public",
      "provider": "provider[\"registry.terraform.io/hashicorp/aws\"]",
      "instances": [
        {
          "schema_version": 1,
          "attributes": {
            "arn": "arn:aws:ec2:us-east-1:258561958105:subnet/subnet-0e582c4d83f3e7572",
            "assign_ipv6_address_on_creation": false,
            "availability_zone": "us-east-1b",
            "availability_zone_id": "use1-az2",
            "cidr_block": "10.70.2.0/24",
            "customer_owned_ipv4_pool": "",
            "id": "subnet-0e582c4d83f3e7572",
            "ipv6_cidr_block": "",
            "ipv6_cidr_block_association_id": "",
            "map_customer_owned_ip_on_launch": false,
            "map_public_ip_on_launch": false,
            "outpost_arn": "",
            "owner_id": "258561958105",
            "tags": {
              "Name": "Prod-Subnet-2"
            },
            "tags_all": {
              "Name": "Prod-Subnet-2"
            },
            "timeouts": null,
            "vpc_id": "vpc-0db763e7c110c0074"
          },
          "sensitive_attributes": [],
          "private": "eyJlMmJmYjczMC1lY2FhLTExZTYtOGY4OC0zNDM2M2JjN2M0YzAiOnsiY3JlYXRlIjo2MDAwMDAwMDAwMDAsImRlbGV0ZSI6MTIwMDAwMDAwMDAwMH0sInNjaGVtYV92ZXJzaW9uIjoiMSJ9",
          "dependencies": [
            "aws_flow_log.vpc_flowlogs",
            "aws_internet_gateway.first_IGW",
            "aws_s3_bucket.statebucket-checking",
            "aws_subnet.subnet1-public",
            "aws_vpc.myvpc"
          ]
        }
      ]
    },
    {
      "mode": "managed",
      "type": "aws_subnet",
      "name": "subnet3-public",
      "provider": "provider[\"registry.terraform.io/hashicorp/aws\"]",
      "instances": [
        {
          "schema_version": 1,
          "attributes": {
            "arn": "arn:aws:ec2:us-east-1:258561958105:subnet/subnet-032c566514cd4ed0f",
            "assign_ipv6_address_on_creation": false,
            "availability_zone": "us-east-1c",
            "availability_zone_id": "use1-az4",
            "cidr_block": "10.70.3.0/24",
            "customer_owned_ipv4_pool": "",
            "id": "subnet-032c566514cd4ed0f",
            "ipv6_cidr_block": "",
            "ipv6_cidr_block_association_id": "",
            "map_customer_owned_ip_on_launch": false,
            "map_public_ip_on_launch": false,
            "outpost_arn": "",
            "owner_id": "258561958105",
            "tags": {
              "Name": "Prod-Subnet-3"
            },
            "tags_all": {
              "Name": "Prod-Subnet-3"
            },
            "timeouts": null,
            "vpc_id": "vpc-0db763e7c110c0074"
          },
          "sensitive_attributes": [],
          "private": "eyJlMmJmYjczMC1lY2FhLTExZTYtOGY4OC0zNDM2M2JjN2M0YzAiOnsiY3JlYXRlIjo2MDAwMDAwMDAwMDAsImRlbGV0ZSI6MTIwMDAwMDAwMDAwMH0sInNjaGVtYV92ZXJzaW9uIjoiMSJ9",
          "dependencies": [
            "aws_flow_log.vpc_flowlogs",
            "aws_internet_gateway.first_IGW",
            "aws_s3_bucket.statebucket-checking",
            "aws_subnet.subnet1-public",
            "aws_subnet.subnet2-public",
            "aws_vpc.myvpc"
          ]
        }
      ]
    },
    {
      "mode": "managed",
      "type": "aws_vpc",
      "name": "myvpc",
      "provider": "provider[\"registry.terraform.io/hashicorp/aws\"]",
      "instances": [
        {
          "schema_version": 1,
          "attributes": {
            "arn": "arn:aws:ec2:us-east-1:258561958105:vpc/vpc-0db763e7c110c0074",
            "assign_generated_ipv6_cidr_block": false,
            "cidr_block": "10.70.0.0/16",
            "default_network_acl_id": "acl-0fed02d38d34cbc19",
            "default_route_table_id": "rtb-053d3cc6102d271bd",
            "default_security_group_id": "sg-055df1e6c1f8059c0",
            "dhcp_options_id": "dopt-64497a1e",
            "enable_classiclink": false,
            "enable_classiclink_dns_support": false,
            "enable_dns_hostnames": true,
            "enable_dns_support": true,
            "id": "vpc-0db763e7c110c0074",
            "instance_tenancy": "default",
            "ipv6_association_id": "",
            "ipv6_cidr_block": "",
            "main_route_table_id": "rtb-053d3cc6102d271bd",
            "owner_id": "258561958105",
            "tags": {
              "Name": "my-prod-vpc",
              "Owner": "Venkat Kunam",
              "environment": "Production"
            },
            "tags_all": {
              "Name": "my-prod-vpc",
              "Owner": "Venkat Kunam",
              "environment": "Production"
            }
          },
          "sensitive_attributes": [],
          "private": "eyJzY2hlbWFfdmVyc2lvbiI6IjEifQ=="
        }
      ]
    }
  ]
}
